
Microsoft Visual Studio Solution File, Format Version 12.00
# Visual Studio Version 17
VisualStudioVersion = 17.8.34525.116
MinimumVisualStudioVersion = 10.0.40219.1
Project("{8BC9CEB8-8B4A-11D0-8D11-00A0C91BC942}") = "myproject", "myproject.vcxproj", "{7DEC97D1-15FD-4882-8F2C-D27D44762740}"
EndProject
Global
	GlobalSection(SolutionConfigurationPlatforms) = preSolution
		Debug-clang|x64 = Debug-clang|x64
		Debug-clang|x86 = Debug-clang|x86
		Debug-gcc|x64 = Debug-gcc|x64
		Debug-gcc|x86 = Debug-gcc|x86
		Debug-msvc|x64 = Debug-msvc|x64
		Debug-msvc|x86 = Debug-msvc|x86
		RelDbg-clang|x64 = RelDbg-clang|x64
		RelDbg-clang|x86 = RelDbg-clang|x86
		RelDbg-gcc|x64 = RelDbg-gcc|x64
		RelDbg-gcc|x86 = RelDbg-gcc|x86
		RelDbg-msvc|x64 = RelDbg-msvc|x64
		RelDbg-msvc|x86 = RelDbg-msvc|x86
		Release-clang|x64 = Release-clang|x64
		Release-clang|x86 = Release-clang|x86
		Release-gcc|x64 = Release-gcc|x64
		Release-gcc|x86 = Release-gcc|x86
		Release-msvc|x64 = Release-msvc|x64
		Release-msvc|x86 = Release-msvc|x86
	EndGlobalSection
	GlobalSection(ProjectConfigurationPlatforms) = postSolution
		{7DEC97D1-15FD-4882-8F2C-D27D44762740}.Debug-clang|x64.ActiveCfg = Debug-clang|x64
		{7DEC97D1-15FD-4882-8F2C-D27D44762740}.Debug-clang|x64.Build.0 = Debug-clang|x64
		{7DEC97D1-15FD-4882-8F2C-D27D44762740}.Debug-clang|x86.ActiveCfg = Debug-clang|Win32
		{7DEC97D1-15FD-4882-8F2C-D27D44762740}.Debug-clang|x86.Build.0 = Debug-clang|Win32
		{7DEC97D1-15FD-4882-8F2C-D27D44762740}.Debug-gcc|x64.ActiveCfg = Debug-gcc|x64
		{7DEC97D1-15FD-4882-8F2C-D27D44762740}.Debug-gcc|x64.Build.0 = Debug-gcc|x64
		{7DEC97D1-15FD-4882-8F2C-D27D44762740}.Debug-gcc|x86.ActiveCfg = Debug-gcc|x64
		{7DEC97D1-15FD-4882-8F2C-D27D44762740}.Debug-msvc|x64.ActiveCfg = Debug-msvc|x64
		{7DEC97D1-15FD-4882-8F2C-D27D44762740}.Debug-msvc|x64.Build.0 = Debug-msvc|x64
		{7DEC97D1-15FD-4882-8F2C-D27D44762740}.Debug-msvc|x86.ActiveCfg = Debug-msvc|Win32
		{7DEC97D1-15FD-4882-8F2C-D27D44762740}.Debug-msvc|x86.Build.0 = Debug-msvc|Win32
		{7DEC97D1-15FD-4882-8F2C-D27D44762740}.RelDbg-clang|x64.ActiveCfg = RelDbg-clang|x64
		{7DEC97D1-15FD-4882-8F2C-D27D44762740}.RelDbg-clang|x64.Build.0 = RelDbg-clang|x64
		{7DEC97D1-15FD-4882-8F2C-D27D44762740}.RelDbg-clang|x86.ActiveCfg = RelDbg-clang|Win32
		{7DEC97D1-15FD-4882-8F2C-D27D44762740}.RelDbg-clang|x86.Build.0 = RelDbg-clang|Win32
		{7DEC97D1-15FD-4882-8F2C-D27D44762740}.RelDbg-gcc|x64.ActiveCfg = RelDbg-gcc|x64
		{7DEC97D1-15FD-4882-8F2C-D27D44762740}.RelDbg-gcc|x64.Build.0 = RelDbg-gcc|x64
		{7DEC97D1-15FD-4882-8F2C-D27D44762740}.RelDbg-gcc|x86.ActiveCfg = RelDbg-gcc|x64
		{7DEC97D1-15FD-4882-8F2C-D27D44762740}.RelDbg-msvc|x64.ActiveCfg = RelDbg-msvc|x64
		{7DEC97D1-15FD-4882-8F2C-D27D44762740}.RelDbg-msvc|x64.Build.0 = RelDbg-msvc|x64
		{7DEC97D1-15FD-4882-8F2C-D27D44762740}.RelDbg-msvc|x86.ActiveCfg = RelDbg-msvc|Win32
		{7DEC97D1-15FD-4882-8F2C-D27D44762740}.RelDbg-msvc|x86.Build.0 = RelDbg-msvc|Win32
		{7DEC97D1-15FD-4882-8F2C-D27D44762740}.Release-clang|x64.ActiveCfg = Release-clang|x64
		{7DEC97D1-15FD-4882-8F2C-D27D44762740}.Release-clang|x64.Build.0 = Release-clang|x64
		{7DEC97D1-15FD-4882-8F2C-D27D44762740}.Release-clang|x86.ActiveCfg = Release-clang|Win32
		{7DEC97D1-15FD-4882-8F2C-D27D44762740}.Release-clang|x86.Build.0 = Release-clang|Win32
		{7DEC97D1-15FD-4882-8F2C-D27D44762740}.Release-gcc|x64.ActiveCfg = Release-gcc|x64
		{7DEC97D1-15FD-4882-8F2C-D27D44762740}.Release-gcc|x64.Build.0 = Release-gcc|x64
		{7DEC97D1-15FD-4882-8F2C-D27D44762740}.Release-gcc|x86.ActiveCfg = Release-gcc|x64
		{7DEC97D1-15FD-4882-8F2C-D27D44762740}.Release-msvc|x64.ActiveCfg = Release-msvc|x64
		{7DEC97D1-15FD-4882-8F2C-D27D44762740}.Release-msvc|x64.Build.0 = Release-msvc|x64
		{7DEC97D1-15FD-4882-8F2C-D27D44762740}.Release-msvc|x86.ActiveCfg = Release-msvc|Win32
		{7DEC97D1-15FD-4882-8F2C-D27D44762740}.Release-msvc|x86.Build.0 = Release-msvc|Win32
	EndGlobalSection
	GlobalSection(SolutionProperties) = preSolution
		HideSolutionNode = FALSE
	EndGlobalSection
	GlobalSection(ExtensibilityGlobals) = postSolution
		SolutionGuid = {DB2C1649-F7F5-4640-8DCD-48DD61DF69C9}
	EndGlobalSection
EndGlobal
